
Microsoft Visual Studio Solution File, Format Version 12.00
# Visual Studio Version 16
VisualStudioVersion = 16.0.33214.272
MinimumVisualStudioVersion = 10.0.40219.1
Project("{9A19103F-16F7-4668-BE54-9A1E7A4F7556}") = "PermUnlockables", "PermUnlockables.csproj", "{AA60C5FF-B9F6-4247-B1BB-FBEA89E9AF05}"
EndProject
Global
	GlobalSection(SolutionConfigurationPlatforms) = preSolution
		Debug|Any CPU = Debug|Any CPU
		Release|Any CPU = Release|Any CPU
	EndGlobalSection
	GlobalSection(ProjectConfigurationPlatforms) = postSolution
		{AA60C5FF-B9F6-4247-B1BB-FBEA89E9AF05}.Debug|Any CPU.ActiveCfg = Debug|Any CPU
		{AA60C5FF-B9F6-4247-B1BB-FBEA89E9AF05}.Debug|Any CPU.Build.0 = Debug|Any CPU
		{AA60C5FF-B9F6-4247-B1BB-FBEA89E9AF05}.Release|Any CPU.ActiveCfg = Release|Any CPU
		{AA60C5FF-B9F6-4247-B1BB-FBEA89E9AF05}.Release|Any CPU.Build.0 = Release|Any CPU
	EndGlobalSection
	GlobalSection(SolutionProperties) = preSolution
		HideSolutionNode = FALSE
	EndGlobalSection
	GlobalSection(ExtensibilityGlobals) = postSolution
		SolutionGuid = {1DA1FB5A-EEE6-4F64-88F7-E0E818FD6DD3}
	EndGlobalSection
EndGlobal
